
Microsoft Visual Studio Solution File, Format Version 12.00
# Visual Studio Version 17
VisualStudioVersion = 17.10.35027.167
MinimumVisualStudioVersion = 10.0.40219.1
Project("{FAE04EC0-301F-11D3-BF4B-00C04F79EFBC}") = "ProbabilityCalculatorApi", "ProbabilityCalculatorApi.csproj", "{E9C420E9-0D7C-460F-A819-058EE0C3FD75}"
EndProject
Project("{FAE04EC0-301F-11D3-BF4B-00C04F79EFBC}") = "ProbabilityCalculator.Tests", "..\ProbabilityCalculator.Tests\ProbabilityCalculator.Tests.csproj", "{84797BFD-D990-43AB-8C0F-189843162179}"
EndProject
Global
	GlobalSection(SolutionConfigurationPlatforms) = preSolution
		Debug|Any CPU = Debug|Any CPU
		Release|Any CPU = Release|Any CPU
	EndGlobalSection
	GlobalSection(ProjectConfigurationPlatforms) = postSolution
		{E9C420E9-0D7C-460F-A819-058EE0C3FD75}.Debug|Any CPU.ActiveCfg = Debug|Any CPU
		{E9C420E9-0D7C-460F-A819-058EE0C3FD75}.Debug|Any CPU.Build.0 = Debug|Any CPU
		{E9C420E9-0D7C-460F-A819-058EE0C3FD75}.Release|Any CPU.ActiveCfg = Release|Any CPU
		{E9C420E9-0D7C-460F-A819-058EE0C3FD75}.Release|Any CPU.Build.0 = Release|Any CPU
		{84797BFD-D990-43AB-8C0F-189843162179}.Debug|Any CPU.ActiveCfg = Debug|Any CPU
		{84797BFD-D990-43AB-8C0F-189843162179}.Debug|Any CPU.Build.0 = Debug|Any CPU
		{84797BFD-D990-43AB-8C0F-189843162179}.Release|Any CPU.ActiveCfg = Release|Any CPU
		{84797BFD-D990-43AB-8C0F-189843162179}.Release|Any CPU.Build.0 = Release|Any CPU
	EndGlobalSection
	GlobalSection(SolutionProperties) = preSolution
		HideSolutionNode = FALSE
	EndGlobalSection
	GlobalSection(ExtensibilityGlobals) = postSolution
		SolutionGuid = {DBF89B4B-DBE3-426E-905A-F4743B883110}
	EndGlobalSection
EndGlobal
